
Microsoft Visual Studio Solution File, Format Version 12.00
# Visual Studio Version 17
VisualStudioVersion = 17.11.35222.181
MinimumVisualStudioVersion = 10.0.40219.1
Project("{FAE04EC0-301F-11D3-BF4B-00C04F79EFBC}") = "TravelTripProje", "TravelTripProje\TravelTripProje.csproj", "{B63C36C4-FA80-4C67-9E55-9658D200F1A3}"
EndProject
Global
	GlobalSection(SolutionConfigurationPlatforms) = preSolution
		Debug|Any CPU = Debug|Any CPU
		Release|Any CPU = Release|Any CPU
	EndGlobalSection
	GlobalSection(ProjectConfigurationPlatforms) = postSolution
		{B63C36C4-FA80-4C67-9E55-9658D200F1A3}.Debug|Any CPU.ActiveCfg = Debug|Any CPU
		{B63C36C4-FA80-4C67-9E55-9658D200F1A3}.Debug|Any CPU.Build.0 = Debug|Any CPU
		{B63C36C4-FA80-4C67-9E55-9658D200F1A3}.Release|Any CPU.ActiveCfg = Release|Any CPU
		{B63C36C4-FA80-4C67-9E55-9658D200F1A3}.Release|Any CPU.Build.0 = Release|Any CPU
	EndGlobalSection
	GlobalSection(SolutionProperties) = preSolution
		HideSolutionNode = FALSE
	EndGlobalSection
	GlobalSection(ExtensibilityGlobals) = postSolution
		SolutionGuid = {7F5E2370-55C2-4A87-98C9-E1BE57A57066}
	EndGlobalSection
EndGlobal
